
Microsoft Visual Studio Solution File, Format Version 12.00
# Visual Studio Version 17
VisualStudioVersion = 17.13.35806.99 d17.13
MinimumVisualStudioVersion = 10.0.40219.1
Project("{FAE04EC0-301F-11D3-BF4B-00C04F79EFBC}") = "Szamonkeres", "Szamonkeres\Szamonkeres.csproj", "{CE9B9F98-D4AB-4A66-A92B-A70CAEACDDC0}"
EndProject
Global
	GlobalSection(SolutionConfigurationPlatforms) = preSolution
		Debug|Any CPU = Debug|Any CPU
		Release|Any CPU = Release|Any CPU
	EndGlobalSection
	GlobalSection(ProjectConfigurationPlatforms) = postSolution
		{CE9B9F98-D4AB-4A66-A92B-A70CAEACDDC0}.Debug|Any CPU.ActiveCfg = Debug|Any CPU
		{CE9B9F98-D4AB-4A66-A92B-A70CAEACDDC0}.Debug|Any CPU.Build.0 = Debug|Any CPU
		{CE9B9F98-D4AB-4A66-A92B-A70CAEACDDC0}.Release|Any CPU.ActiveCfg = Release|Any CPU
		{CE9B9F98-D4AB-4A66-A92B-A70CAEACDDC0}.Release|Any CPU.Build.0 = Release|Any CPU
	EndGlobalSection
	GlobalSection(SolutionProperties) = preSolution
		HideSolutionNode = FALSE
	EndGlobalSection
	GlobalSection(ExtensibilityGlobals) = postSolution
		SolutionGuid = {67888882-D5DC-4D2E-830A-8171B959D7F5}
	EndGlobalSection
EndGlobal
